
Microsoft Visual Studio Solution File, Format Version 12.00
# Visual Studio 16
Project("{FAE04EC0-301F-11D3-BF4B-00C04F79EFBC}") = "Unity.TextMeshPro", "Unity.TextMeshPro.csproj", "{551D0286-521D-A553-7956-D8929728B30D}"
EndProject
Project("{FAE04EC0-301F-11D3-BF4B-00C04F79EFBC}") = "Unity.Analytics.DataPrivacy", "Unity.Analytics.DataPrivacy.csproj", "{8EA7FF6B-79F4-13FB-87D2-674A99895EB7}"
EndProject
Project("{FAE04EC0-301F-11D3-BF4B-00C04F79EFBC}") = "Unity.TextMeshPro.Tests", "Unity.TextMeshPro.Tests.csproj", "{47F6A868-44A0-3814-06D9-C9F531825418}"
EndProject
Project("{FAE04EC0-301F-11D3-BF4B-00C04F79EFBC}") = "Unity.Analytics.DataPrivacy.Tests", "Unity.Analytics.DataPrivacy.Tests.csproj", "{CD417E1D-A7CD-0896-CE1F-7B7FD09B7766}"
EndProject
Project("{FAE04EC0-301F-11D3-BF4B-00C04F79EFBC}") = "Assembly-CSharp", "Assembly-CSharp.csproj", "{3AD80B7C-CC23-9D6A-016D-33F8A428F2EB}"
EndProject
Project("{FAE04EC0-301F-11D3-BF4B-00C04F79EFBC}") = "Unity.PackageManagerUI.EditorTests", "Unity.PackageManagerUI.EditorTests.csproj", "{E7DE4DED-576C-EB05-8582-98AF0D087769}"
EndProject
Project("{FAE04EC0-301F-11D3-BF4B-00C04F79EFBC}") = "Unity.PackageManagerUI.Editor", "Unity.PackageManagerUI.Editor.csproj", "{78B19A81-00A9-3776-45A0-91CFEAFA8B7A}"
EndProject
Project("{FAE04EC0-301F-11D3-BF4B-00C04F79EFBC}") = "Unity.TextMeshPro.Editor", "Unity.TextMeshPro.Editor.csproj", "{9FB68B79-647B-AFB8-2E96-224466FA7290}"
EndProject
Project("{FAE04EC0-301F-11D3-BF4B-00C04F79EFBC}") = "Unity.CollabProxy.Editor", "Unity.CollabProxy.Editor.csproj", "{B148690B-3729-AEAD-B1D9-0254CBEFD9B5}"
EndProject
Project("{FAE04EC0-301F-11D3-BF4B-00C04F79EFBC}") = "Unity.Analytics.StandardEvents.EditorTests", "Unity.Analytics.StandardEvents.EditorTests.csproj", "{F061BAC1-3011-972B-93C4-00563893415E}"
EndProject
Project("{FAE04EC0-301F-11D3-BF4B-00C04F79EFBC}") = "Unity.TextMeshPro.Editor.Tests", "Unity.TextMeshPro.Editor.Tests.csproj", "{89BB1685-CD03-B369-C862-B48C21AB2019}"
EndProject
Project("{FAE04EC0-301F-11D3-BF4B-00C04F79EFBC}") = "Unity.CollabProxy.EditorTests", "Unity.CollabProxy.EditorTests.csproj", "{90F4E341-5A1F-612A-A39F-7D82BCE5A8B9}"
EndProject
Global
	GlobalSection(SolutionConfigurationPlatforms) = preSolution
		Debug|Any CPU = Debug|Any CPU
		Release|Any CPU = Release|Any CPU
	EndGlobalSection
	GlobalSection(ProjectConfigurationPlatforms) = postSolution
		{551D0286-521D-A553-7956-D8929728B30D}.Debug|Any CPU.ActiveCfg = Debug|Any CPU
		{551D0286-521D-A553-7956-D8929728B30D}.Debug|Any CPU.Build.0 = Debug|Any CPU
		{551D0286-521D-A553-7956-D8929728B30D}.Release|Any CPU.ActiveCfg = Release|Any CPU
		{551D0286-521D-A553-7956-D8929728B30D}.Release|Any CPU.Build.0 = Release|Any CPU
		{8EA7FF6B-79F4-13FB-87D2-674A99895EB7}.Debug|Any CPU.ActiveCfg = Debug|Any CPU
		{8EA7FF6B-79F4-13FB-87D2-674A99895EB7}.Debug|Any CPU.Build.0 = Debug|Any CPU
		{8EA7FF6B-79F4-13FB-87D2-674A99895EB7}.Release|Any CPU.ActiveCfg = Release|Any CPU
		{8EA7FF6B-79F4-13FB-87D2-674A99895EB7}.Release|Any CPU.Build.0 = Release|Any CPU
		{47F6A868-44A0-3814-06D9-C9F531825418}.Debug|Any CPU.ActiveCfg = Debug|Any CPU
		{47F6A868-44A0-3814-06D9-C9F531825418}.Debug|Any CPU.Build.0 = Debug|Any CPU
		{47F6A868-44A0-3814-06D9-C9F531825418}.Release|Any CPU.ActiveCfg = Release|Any CPU
		{47F6A868-44A0-3814-06D9-C9F531825418}.Release|Any CPU.Build.0 = Release|Any CPU
		{CD417E1D-A7CD-0896-CE1F-7B7FD09B7766}.Debug|Any CPU.ActiveCfg = Debug|Any CPU
		{CD417E1D-A7CD-0896-CE1F-7B7FD09B7766}.Debug|Any CPU.Build.0 = Debug|Any CPU
		{CD417E1D-A7CD-0896-CE1F-7B7FD09B7766}.Release|Any CPU.ActiveCfg = Release|Any CPU
		{CD417E1D-A7CD-0896-CE1F-7B7FD09B7766}.Release|Any CPU.Build.0 = Release|Any CPU
		{3AD80B7C-CC23-9D6A-016D-33F8A428F2EB}.Debug|Any CPU.ActiveCfg = Debug|Any CPU
		{3AD80B7C-CC23-9D6A-016D-33F8A428F2EB}.Debug|Any CPU.Build.0 = Debug|Any CPU
		{3AD80B7C-CC23-9D6A-016D-33F8A428F2EB}.Release|Any CPU.ActiveCfg = Release|Any CPU
		{3AD80B7C-CC23-9D6A-016D-33F8A428F2EB}.Release|Any CPU.Build.0 = Release|Any CPU
		{E7DE4DED-576C-EB05-8582-98AF0D087769}.Debug|Any CPU.ActiveCfg = Debug|Any CPU
		{E7DE4DED-576C-EB05-8582-98AF0D087769}.Debug|Any CPU.Build.0 = Debug|Any CPU
		{E7DE4DED-576C-EB05-8582-98AF0D087769}.Release|Any CPU.ActiveCfg = Release|Any CPU
		{E7DE4DED-576C-EB05-8582-98AF0D087769}.Release|Any CPU.Build.0 = Release|Any CPU
		{78B19A81-00A9-3776-45A0-91CFEAFA8B7A}.Debug|Any CPU.ActiveCfg = Debug|Any CPU
		{78B19A81-00A9-3776-45A0-91CFEAFA8B7A}.Debug|Any CPU.Build.0 = Debug|Any CPU
		{78B19A81-00A9-3776-45A0-91CFEAFA8B7A}.Release|Any CPU.ActiveCfg = Release|Any CPU
		{78B19A81-00A9-3776-45A0-91CFEAFA8B7A}.Release|Any CPU.Build.0 = Release|Any CPU
		{9FB68B79-647B-AFB8-2E96-224466FA7290}.Debug|Any CPU.ActiveCfg = Debug|Any CPU
		{9FB68B79-647B-AFB8-2E96-224466FA7290}.Debug|Any CPU.Build.0 = Debug|Any CPU
		{9FB68B79-647B-AFB8-2E96-224466FA7290}.Release|Any CPU.ActiveCfg = Release|Any CPU
		{9FB68B79-647B-AFB8-2E96-224466FA7290}.Release|Any CPU.Build.0 = Release|Any CPU
		{B148690B-3729-AEAD-B1D9-0254CBEFD9B5}.Debug|Any CPU.ActiveCfg = Debug|Any CPU
		{B148690B-3729-AEAD-B1D9-0254CBEFD9B5}.Debug|Any CPU.Build.0 = Debug|Any CPU
		{B148690B-3729-AEAD-B1D9-0254CBEFD9B5}.Release|Any CPU.ActiveCfg = Release|Any CPU
		{B148690B-3729-AEAD-B1D9-0254CBEFD9B5}.Release|Any CPU.Build.0 = Release|Any CPU
		{F061BAC1-3011-972B-93C4-00563893415E}.Debug|Any CPU.ActiveCfg = Debug|Any CPU
		{F061BAC1-3011-972B-93C4-00563893415E}.Debug|Any CPU.Build.0 = Debug|Any CPU
		{F061BAC1-3011-972B-93C4-00563893415E}.Release|Any CPU.ActiveCfg = Release|Any CPU
		{F061BAC1-3011-972B-93C4-00563893415E}.Release|Any CPU.Build.0 = Release|Any CPU
		{89BB1685-CD03-B369-C862-B48C21AB2019}.Debug|Any CPU.ActiveCfg = Debug|Any CPU
		{89BB1685-CD03-B369-C862-B48C21AB2019}.Debug|Any CPU.Build.0 = Debug|Any CPU
		{89BB1685-CD03-B369-C862-B48C21AB2019}.Release|Any CPU.ActiveCfg = Release|Any CPU
		{89BB1685-CD03-B369-C862-B48C21AB2019}.Release|Any CPU.Build.0 = Release|Any CPU
		{90F4E341-5A1F-612A-A39F-7D82BCE5A8B9}.Debug|Any CPU.ActiveCfg = Debug|Any CPU
		{90F4E341-5A1F-612A-A39F-7D82BCE5A8B9}.Debug|Any CPU.Build.0 = Debug|Any CPU
		{90F4E341-5A1F-612A-A39F-7D82BCE5A8B9}.Release|Any CPU.ActiveCfg = Release|Any CPU
		{90F4E341-5A1F-612A-A39F-7D82BCE5A8B9}.Release|Any CPU.Build.0 = Release|Any CPU
	EndGlobalSection
	GlobalSection(SolutionProperties) = preSolution
		HideSolutionNode = FALSE
	EndGlobalSection
EndGlobal
