
Microsoft Visual Studio Solution File, Format Version 12.00
# Visual Studio 16
Project("{FAE04EC0-301F-11D3-BF4B-00C04F79EFBC}") = "Unity.TextMeshPro", "Unity.TextMeshPro.csproj", "{58A50B21-C674-E3D7-3756-B47FC8A6A809}"
EndProject
Project("{FAE04EC0-301F-11D3-BF4B-00C04F79EFBC}") = "Unity.Analytics.DataPrivacy", "Unity.Analytics.DataPrivacy.csproj", "{227407EC-70D5-58F3-06A8-9550FFFC4C53}"
EndProject
Project("{FAE04EC0-301F-11D3-BF4B-00C04F79EFBC}") = "Assembly-CSharp", "Assembly-CSharp.csproj", "{E8AC8F00-E908-4D65-990A-D5ADAF2D0126}"
EndProject
Project("{FAE04EC0-301F-11D3-BF4B-00C04F79EFBC}") = "Unity.TextMeshPro.Tests", "Unity.TextMeshPro.Tests.csproj", "{BE8D7B90-D917-9E90-D4F8-B6158FDE603A}"
EndProject
Project("{FAE04EC0-301F-11D3-BF4B-00C04F79EFBC}") = "Unity.Analytics.DataPrivacy.Tests", "Unity.Analytics.DataPrivacy.Tests.csproj", "{4CCD212D-1F01-4969-9D18-D3AB6C86C50A}"
EndProject
Project("{FAE04EC0-301F-11D3-BF4B-00C04F79EFBC}") = "Unity.PackageManagerUI.EditorTests", "Unity.PackageManagerUI.EditorTests.csproj", "{63DFB851-34F1-0713-0E68-CD36B47FC81E}"
EndProject
Project("{FAE04EC0-301F-11D3-BF4B-00C04F79EFBC}") = "Unity.PackageManagerUI.Editor", "Unity.PackageManagerUI.Editor.csproj", "{4C5C64A6-56FD-03E2-24C6-EF547944FBEB}"
EndProject
Project("{FAE04EC0-301F-11D3-BF4B-00C04F79EFBC}") = "Unity.TextMeshPro.Editor", "Unity.TextMeshPro.Editor.csproj", "{29769DA0-7A36-39C1-C37B-A08DFD3D0D95}"
EndProject
Project("{FAE04EC0-301F-11D3-BF4B-00C04F79EFBC}") = "Unity.CollabProxy.Editor", "Unity.CollabProxy.Editor.csproj", "{E9797593-2C9A-98EE-168D-D85555998A06}"
EndProject
Project("{FAE04EC0-301F-11D3-BF4B-00C04F79EFBC}") = "Unity.Analytics.StandardEvents.EditorTests", "Unity.Analytics.StandardEvents.EditorTests.csproj", "{03187725-DBCD-CB97-5922-AF1A6DB65E98}"
EndProject
Project("{FAE04EC0-301F-11D3-BF4B-00C04F79EFBC}") = "Unity.TextMeshPro.Editor.Tests", "Unity.TextMeshPro.Editor.Tests.csproj", "{DAE726C7-8F58-2FFA-C2A0-507D3B3FE35B}"
EndProject
Project("{FAE04EC0-301F-11D3-BF4B-00C04F79EFBC}") = "Unity.CollabProxy.EditorTests", "Unity.CollabProxy.EditorTests.csproj", "{91A9EAEE-09E0-184C-440F-8591137A5628}"
EndProject
Global
	GlobalSection(SolutionConfigurationPlatforms) = preSolution
		Debug|Any CPU = Debug|Any CPU
		Release|Any CPU = Release|Any CPU
	EndGlobalSection
	GlobalSection(ProjectConfigurationPlatforms) = postSolution
		{58A50B21-C674-E3D7-3756-B47FC8A6A809}.Debug|Any CPU.ActiveCfg = Debug|Any CPU
		{58A50B21-C674-E3D7-3756-B47FC8A6A809}.Debug|Any CPU.Build.0 = Debug|Any CPU
		{58A50B21-C674-E3D7-3756-B47FC8A6A809}.Release|Any CPU.ActiveCfg = Release|Any CPU
		{58A50B21-C674-E3D7-3756-B47FC8A6A809}.Release|Any CPU.Build.0 = Release|Any CPU
		{227407EC-70D5-58F3-06A8-9550FFFC4C53}.Debug|Any CPU.ActiveCfg = Debug|Any CPU
		{227407EC-70D5-58F3-06A8-9550FFFC4C53}.Debug|Any CPU.Build.0 = Debug|Any CPU
		{227407EC-70D5-58F3-06A8-9550FFFC4C53}.Release|Any CPU.ActiveCfg = Release|Any CPU
		{227407EC-70D5-58F3-06A8-9550FFFC4C53}.Release|Any CPU.Build.0 = Release|Any CPU
		{E8AC8F00-E908-4D65-990A-D5ADAF2D0126}.Debug|Any CPU.ActiveCfg = Debug|Any CPU
		{E8AC8F00-E908-4D65-990A-D5ADAF2D0126}.Debug|Any CPU.Build.0 = Debug|Any CPU
		{E8AC8F00-E908-4D65-990A-D5ADAF2D0126}.Release|Any CPU.ActiveCfg = Release|Any CPU
		{E8AC8F00-E908-4D65-990A-D5ADAF2D0126}.Release|Any CPU.Build.0 = Release|Any CPU
		{BE8D7B90-D917-9E90-D4F8-B6158FDE603A}.Debug|Any CPU.ActiveCfg = Debug|Any CPU
		{BE8D7B90-D917-9E90-D4F8-B6158FDE603A}.Debug|Any CPU.Build.0 = Debug|Any CPU
		{BE8D7B90-D917-9E90-D4F8-B6158FDE603A}.Release|Any CPU.ActiveCfg = Release|Any CPU
		{BE8D7B90-D917-9E90-D4F8-B6158FDE603A}.Release|Any CPU.Build.0 = Release|Any CPU
		{4CCD212D-1F01-4969-9D18-D3AB6C86C50A}.Debug|Any CPU.ActiveCfg = Debug|Any CPU
		{4CCD212D-1F01-4969-9D18-D3AB6C86C50A}.Debug|Any CPU.Build.0 = Debug|Any CPU
		{4CCD212D-1F01-4969-9D18-D3AB6C86C50A}.Release|Any CPU.ActiveCfg = Release|Any CPU
		{4CCD212D-1F01-4969-9D18-D3AB6C86C50A}.Release|Any CPU.Build.0 = Release|Any CPU
		{63DFB851-34F1-0713-0E68-CD36B47FC81E}.Debug|Any CPU.ActiveCfg = Debug|Any CPU
		{63DFB851-34F1-0713-0E68-CD36B47FC81E}.Debug|Any CPU.Build.0 = Debug|Any CPU
		{63DFB851-34F1-0713-0E68-CD36B47FC81E}.Release|Any CPU.ActiveCfg = Release|Any CPU
		{63DFB851-34F1-0713-0E68-CD36B47FC81E}.Release|Any CPU.Build.0 = Release|Any CPU
		{4C5C64A6-56FD-03E2-24C6-EF547944FBEB}.Debug|Any CPU.ActiveCfg = Debug|Any CPU
		{4C5C64A6-56FD-03E2-24C6-EF547944FBEB}.Debug|Any CPU.Build.0 = Debug|Any CPU
		{4C5C64A6-56FD-03E2-24C6-EF547944FBEB}.Release|Any CPU.ActiveCfg = Release|Any CPU
		{4C5C64A6-56FD-03E2-24C6-EF547944FBEB}.Release|Any CPU.Build.0 = Release|Any CPU
		{29769DA0-7A36-39C1-C37B-A08DFD3D0D95}.Debug|Any CPU.ActiveCfg = Debug|Any CPU
		{29769DA0-7A36-39C1-C37B-A08DFD3D0D95}.Debug|Any CPU.Build.0 = Debug|Any CPU
		{29769DA0-7A36-39C1-C37B-A08DFD3D0D95}.Release|Any CPU.ActiveCfg = Release|Any CPU
		{29769DA0-7A36-39C1-C37B-A08DFD3D0D95}.Release|Any CPU.Build.0 = Release|Any CPU
		{E9797593-2C9A-98EE-168D-D85555998A06}.Debug|Any CPU.ActiveCfg = Debug|Any CPU
		{E9797593-2C9A-98EE-168D-D85555998A06}.Debug|Any CPU.Build.0 = Debug|Any CPU
		{E9797593-2C9A-98EE-168D-D85555998A06}.Release|Any CPU.ActiveCfg = Release|Any CPU
		{E9797593-2C9A-98EE-168D-D85555998A06}.Release|Any CPU.Build.0 = Release|Any CPU
		{03187725-DBCD-CB97-5922-AF1A6DB65E98}.Debug|Any CPU.ActiveCfg = Debug|Any CPU
		{03187725-DBCD-CB97-5922-AF1A6DB65E98}.Debug|Any CPU.Build.0 = Debug|Any CPU
		{03187725-DBCD-CB97-5922-AF1A6DB65E98}.Release|Any CPU.ActiveCfg = Release|Any CPU
		{03187725-DBCD-CB97-5922-AF1A6DB65E98}.Release|Any CPU.Build.0 = Release|Any CPU
		{DAE726C7-8F58-2FFA-C2A0-507D3B3FE35B}.Debug|Any CPU.ActiveCfg = Debug|Any CPU
		{DAE726C7-8F58-2FFA-C2A0-507D3B3FE35B}.Debug|Any CPU.Build.0 = Debug|Any CPU
		{DAE726C7-8F58-2FFA-C2A0-507D3B3FE35B}.Release|Any CPU.ActiveCfg = Release|Any CPU
		{DAE726C7-8F58-2FFA-C2A0-507D3B3FE35B}.Release|Any CPU.Build.0 = Release|Any CPU
		{91A9EAEE-09E0-184C-440F-8591137A5628}.Debug|Any CPU.ActiveCfg = Debug|Any CPU
		{91A9EAEE-09E0-184C-440F-8591137A5628}.Debug|Any CPU.Build.0 = Debug|Any CPU
		{91A9EAEE-09E0-184C-440F-8591137A5628}.Release|Any CPU.ActiveCfg = Release|Any CPU
		{91A9EAEE-09E0-184C-440F-8591137A5628}.Release|Any CPU.Build.0 = Release|Any CPU
	EndGlobalSection
	GlobalSection(SolutionProperties) = preSolution
		HideSolutionNode = FALSE
	EndGlobalSection
EndGlobal
